<?xml version="1.0" encoding="utf-8"?>
<Project ToolsVersion="4.0" xmlns="http://schemas.microsoft.com/developer/msbuild/2003">
  <ItemGroup>
    <Filter Include="Geometry">
      <UniqueIdentifier>{31B8896B-1D85-E476-469E-D21E32CA1905}</UniqueIdentifier>
    </Filter>
    <Filter Include="Rendering">
      <UniqueIdentifier>{E3AE1F7C-4F19-D4F2-9857-85980401B247}</UniqueIdentifier>
    </Filter>
  </ItemGroup>
  <ItemGroup>
    <ClInclude Include="src\Geometry\Geometry.hpp">
      <Filter>Geometry</Filter>
    </ClInclude>
    <ClInclude Include="src\Geometry\Ray.hpp">
      <Filter>Geometry</Filter>
    </ClInclude>
    <ClInclude Include="src\Random.hpp" />
    <ClInclude Include="src\Rendering\Camera.hpp">
      <Filter>Rendering</Filter>
    </ClInclude>
    <ClInclude Include="src\Rendering\Material.hpp">
      <Filter>Rendering</Filter>
    </ClInclude>
    <ClInclude Include="src\Rendering\Object.hpp">
      <Filter>Rendering</Filter>
    </ClInclude>
    <ClInclude Include="src\Rendering\Renderer.hpp">
      <Filter>Rendering</Filter>
    </ClInclude>
  </ItemGroup>
  <ItemGroup>
    <ClCompile Include="src\Geometry\Geometry.cpp">
      <Filter>Geometry</Filter>
    </ClCompile>
    <ClCompile Include="src\Geometry\Ray.cpp">
      <Filter>Geometry</Filter>
    </ClCompile>
    <ClCompile Include="src\Main.cpp" />
    <ClCompile Include="src\Random.cpp" />
    <ClCompile Include="src\Rendering\Camera.cpp">
      <Filter>Rendering</Filter>
    </ClCompile>
    <ClCompile Include="src\Rendering\Material.cpp">
      <Filter>Rendering</Filter>
    </ClCompile>
    <ClCompile Include="src\Rendering\Object.cpp">
      <Filter>Rendering</Filter>
    </ClCompile>
    <ClCompile Include="src\Rendering\Renderer.cpp">
      <Filter>Rendering</Filter>
    </ClCompile>
  </ItemGroup>
</Project>